
Microsoft Visual Studio Solution File, Format Version 12.00
# Visual Studio Version 17
VisualStudioVersion = 17.3.32922.545
MinimumVisualStudioVersion = 10.0.40219.1
Project("{FAE04EC0-301F-11D3-BF4B-00C04F79EFBC}") = "WebApplication9", "WebApplication9\WebApplication9.csproj", "{131159E9-5C69-45F7-93AF-18E6D3721D4F}"
EndProject
Global
	GlobalSection(SolutionConfigurationPlatforms) = preSolution
		Debug|Any CPU = Debug|Any CPU
		Release|Any CPU = Release|Any CPU
	EndGlobalSection
	GlobalSection(ProjectConfigurationPlatforms) = postSolution
		{131159E9-5C69-45F7-93AF-18E6D3721D4F}.Debug|Any CPU.ActiveCfg = Debug|Any CPU
		{131159E9-5C69-45F7-93AF-18E6D3721D4F}.Debug|Any CPU.Build.0 = Debug|Any CPU
		{131159E9-5C69-45F7-93AF-18E6D3721D4F}.Release|Any CPU.ActiveCfg = Release|Any CPU
		{131159E9-5C69-45F7-93AF-18E6D3721D4F}.Release|Any CPU.Build.0 = Release|Any CPU
	EndGlobalSection
	GlobalSection(SolutionProperties) = preSolution
		HideSolutionNode = FALSE
	EndGlobalSection
	GlobalSection(ExtensibilityGlobals) = postSolution
		SolutionGuid = {75AD29F9-A4B9-4B17-826D-2796670BE82F}
	EndGlobalSection
EndGlobal
